// !$*UTF8*$!
{
	archiveVersion = 1;
	classes = {
	};
	objectVersion = 46;
	objects = {

/* Begin PBXBuildFile section */
		2B08EF6B0A9EFFF67504A53F /* Pods_RxLeanCloudDemo.framework in Frameworks */ = {isa = PBXBuildFile; fileRef = C0A9329F497C877E2A012AA8 /* Pods_RxLeanCloudDemo.framework */; };
		6A54CA601ED596C1007B82AF /* AppDelegate.swift in Sources */ = {isa = PBXBuildFile; fileRef = 6A54CA5F1ED596C1007B82AF /* AppDelegate.swift */; };
		6A54CA621ED596C2007B82AF /* ViewController.swift in Sources */ = {isa = PBXBuildFile; fileRef = 6A54CA611ED596C2007B82AF /* ViewController.swift */; };
		6A54CA651ED596C2007B82AF /* Main.storyboard in Resources */ = {isa = PBXBuildFile; fileRef = 6A54CA631ED596C2007B82AF /* Main.storyboard */; };
		6A54CA671ED596C2007B82AF /* Assets.xcassets in Resources */ = {isa = PBXBuildFile; fileRef = 6A54CA661ED596C2007B82AF /* Assets.xcassets */; };
		6A54CA6A1ED596C2007B82AF /* LaunchScreen.storyboard in Resources */ = {isa = PBXBuildFile; fileRef = 6A54CA681ED596C2007B82AF /* LaunchScreen.storyboard */; };
		6A54CA751ED596C2007B82AF /* RxLeanCloudDemoTests.swift in Sources */ = {isa = PBXBuildFile; fileRef = 6A54CA741ED596C2007B82AF /* RxLeanCloudDemoTests.swift */; };
		6A54CA801ED596C2007B82AF /* RxLeanCloudDemoUITests.swift in Sources */ = {isa = PBXBuildFile; fileRef = 6A54CA7F1ED596C2007B82AF /* RxLeanCloudDemoUITests.swift */; };
/* End PBXBuildFile section */

/* Begin PBXContainerItemProxy section */
		6A54CA711ED596C2007B82AF /* PBXContainerItemProxy */ = {
			isa = PBXContainerItemProxy;
			containerPortal = 6A54CA541ED596C1007B82AF /* Project object */;
			proxyType = 1;
			remoteGlobalIDString = 6A54CA5B1ED596C1007B82AF;
			remoteInfo = RxLeanCloudDemo;
		};
		6A54CA7C1ED596C2007B82AF /* PBXContainerItemProxy */ = {
			isa = PBXContainerItemProxy;
			containerPortal = 6A54CA541ED596C1007B82AF /* Project object */;
			proxyType = 1;
			remoteGlobalIDString = 6A54CA5B1ED596C1007B82AF;
			remoteInfo = RxLeanCloudDemo;
		};
/* End PBXContainerItemProxy section */

/* Begin PBXFileReference section */
		4884489492FA673415669F4A /* Pods-RxLeanCloudDemo.debug.xcconfig */ = {isa = PBXFileReference; includeInIndex = 1; lastKnownFileType = text.xcconfig; name = "Pods-RxLeanCloudDemo.debug.xcconfig"; path = "../Pods/Target Support Files/Pods-RxLeanCloudDemo/Pods-RxLeanCloudDemo.debug.xcconfig"; sourceTree = "<group>"; };
		6A0DB90B1ED5A34C00A4FDBD /* Alamofire.framework */ = {isa = PBXFileReference; lastKnownFileType = wrapper.framework; name = Alamofire.framework; path = "../../../Users/wujun/Library/Developer/Xcode/DerivedData/RxLeanCloudSwift-eevxrfmrjklfvcbcnskbtjdskxgm/Build/Products/Debug-iphonesimulator/Alamofire/Alamofire.framework"; sourceTree = "<group>"; };
		6A0DB90C1ED5A34C00A4FDBD /* RxAlamofire.framework */ = {isa = PBXFileReference; lastKnownFileType = wrapper.framework; name = RxAlamofire.framework; path = "../../../Users/wujun/Library/Developer/Xcode/DerivedData/RxLeanCloudSwift-eevxrfmrjklfvcbcnskbtjdskxgm/Build/Products/Debug-iphonesimulator/RxAlamofire/RxAlamofire.framework"; sourceTree = "<group>"; };
		6A0DB90D1ED5A34C00A4FDBD /* RxCocoa.framework */ = {isa = PBXFileReference; lastKnownFileType = wrapper.framework; name = RxCocoa.framework; path = "../../../Users/wujun/Library/Developer/Xcode/DerivedData/RxLeanCloudSwift-eevxrfmrjklfvcbcnskbtjdskxgm/Build/Products/Debug-iphonesimulator/RxCocoa/RxCocoa.framework"; sourceTree = "<group>"; };
		6A0DB90E1ED5A34C00A4FDBD /* RxLeanCloudSwift.framework */ = {isa = PBXFileReference; lastKnownFileType = wrapper.framework; name = RxLeanCloudSwift.framework; path = "../../../Users/wujun/Library/Developer/Xcode/DerivedData/RxLeanCloudSwift-eevxrfmrjklfvcbcnskbtjdskxgm/Build/Products/Debug-iphonesimulator/RxLeanCloudSwift.framework"; sourceTree = "<group>"; };
		6A0DB90F1ED5A34C00A4FDBD /* RxSwift.framework */ = {isa = PBXFileReference; lastKnownFileType = wrapper.framework; name = RxSwift.framework; path = "../../../Users/wujun/Library/Developer/Xcode/DerivedData/RxLeanCloudSwift-eevxrfmrjklfvcbcnskbtjdskxgm/Build/Products/Debug-iphonesimulator/RxSwift/RxSwift.framework"; sourceTree = "<group>"; };
		6A54CA5C1ED596C1007B82AF /* RxLeanCloudDemo.app */ = {isa = PBXFileReference; explicitFileType = wrapper.application; includeInIndex = 0; path = RxLeanCloudDemo.app; sourceTree = BUILT_PRODUCTS_DIR; };
		6A54CA5F1ED596C1007B82AF /* AppDelegate.swift */ = {isa = PBXFileReference; lastKnownFileType = sourcecode.swift; path = AppDelegate.swift; sourceTree = "<group>"; };
		6A54CA611ED596C2007B82AF /* ViewController.swift */ = {isa = PBXFileReference; lastKnownFileType = sourcecode.swift; path = ViewController.swift; sourceTree = "<group>"; };
		6A54CA641ED596C2007B82AF /* Base */ = {isa = PBXFileReference; lastKnownFileType = file.storyboard; name = Base; path = Base.lproj/Main.storyboard; sourceTree = "<group>"; };
		6A54CA661ED596C2007B82AF /* Assets.xcassets */ = {isa = PBXFileReference; lastKnownFileType = folder.assetcatalog; path = Assets.xcassets; sourceTree = "<group>"; };
		6A54CA691ED596C2007B82AF /* Base */ = {isa = PBXFileReference; lastKnownFileType = file.storyboard; name = Base; path = Base.lproj/LaunchScreen.storyboard; sourceTree = "<group>"; };
		6A54CA6B1ED596C2007B82AF /* Info.plist */ = {isa = PBXFileReference; lastKnownFileType = text.plist.xml; path = Info.plist; sourceTree = "<group>"; };
		6A54CA701ED596C2007B82AF /* RxLeanCloudDemoTests.xctest */ = {isa = PBXFileReference; explicitFileType = wrapper.cfbundle; includeInIndex = 0; path = RxLeanCloudDemoTests.xctest; sourceTree = BUILT_PRODUCTS_DIR; };
		6A54CA741ED596C2007B82AF /* RxLeanCloudDemoTests.swift */ = {isa = PBXFileReference; lastKnownFileType = sourcecode.swift; path = RxLeanCloudDemoTests.swift; sourceTree = "<group>"; };
		6A54CA761ED596C2007B82AF /* Info.plist */ = {isa = PBXFileReference; lastKnownFileType = text.plist.xml; path = Info.plist; sourceTree = "<group>"; };
		6A54CA7B1ED596C2007B82AF /* RxLeanCloudDemoUITests.xctest */ = {isa = PBXFileReference; explicitFileType = wrapper.cfbundle; includeInIndex = 0; path = RxLeanCloudDemoUITests.xctest; sourceTree = BUILT_PRODUCTS_DIR; };
		6A54CA7F1ED596C2007B82AF /* RxLeanCloudDemoUITests.swift */ = {isa = PBXFileReference; lastKnownFileType = sourcecode.swift; path = RxLeanCloudDemoUITests.swift; sourceTree = "<group>"; };
		6A54CA811ED596C2007B82AF /* Info.plist */ = {isa = PBXFileReference; lastKnownFileType = text.plist.xml; path = Info.plist; sourceTree = "<group>"; };
		888E22F12F10AA0C1573BCAC /* Pods-RxLeanCloudDemo.release.xcconfig */ = {isa = PBXFileReference; includeInIndex = 1; lastKnownFileType = text.xcconfig; name = "Pods-RxLeanCloudDemo.release.xcconfig"; path = "../Pods/Target Support Files/Pods-RxLeanCloudDemo/Pods-RxLeanCloudDemo.release.xcconfig"; sourceTree = "<group>"; };
		C0A9329F497C877E2A012AA8 /* Pods_RxLeanCloudDemo.framework */ = {isa = PBXFileReference; explicitFileType = wrapper.framework; includeInIndex = 0; path = Pods_RxLeanCloudDemo.framework; sourceTree = BUILT_PRODUCTS_DIR; };
/* End PBXFileReference section */

/* Begin PBXFrameworksBuildPhase section */
		6A54CA6D1ED596C2007B82AF /* Frameworks */ = {
			isa = PBXFrameworksBuildPhase;
			buildActionMask = 2147483647;
			files = (
			);
			runOnlyForDeploymentPostprocessing = 0;
		};
		6A54CA781ED596C2007B82AF /* Frameworks */ = {
			isa = PBXFrameworksBuildPhase;
			buildActionMask = 2147483647;
			files = (
			);
			runOnlyForDeploymentPostprocessing = 0;
		};
		DA68B7ED9AC5866A7CEA81AD /* Frameworks */ = {
			isa = PBXFrameworksBuildPhase;
			buildActionMask = 2147483647;
			files = (
				2B08EF6B0A9EFFF67504A53F /* Pods_RxLeanCloudDemo.framework in Frameworks */,
			);
			runOnlyForDeploymentPostprocessing = 0;
		};
/* End PBXFrameworksBuildPhase section */

/* Begin PBXGroup section */
		2680EEBF9DB0D19C0148B81F /* Pods */ = {
			isa = PBXGroup;
			children = (
				4884489492FA673415669F4A /* Pods-RxLeanCloudDemo.debug.xcconfig */,
				888E22F12F10AA0C1573BCAC /* Pods-RxLeanCloudDemo.release.xcconfig */,
			);
			name = Pods;
			sourceTree = "<group>";
		};
		6A0DB90A1ED5A34C00A4FDBD /* Frameworks */ = {
			isa = PBXGroup;
			children = (
				6A0DB90B1ED5A34C00A4FDBD /* Alamofire.framework */,
				6A0DB90C1ED5A34C00A4FDBD /* RxAlamofire.framework */,
				6A0DB90D1ED5A34C00A4FDBD /* RxCocoa.framework */,
				6A0DB90E1ED5A34C00A4FDBD /* RxLeanCloudSwift.framework */,
				6A0DB90F1ED5A34C00A4FDBD /* RxSwift.framework */,
				C0A9329F497C877E2A012AA8 /* Pods_RxLeanCloudDemo.framework */,
			);
			name = Frameworks;
			sourceTree = "<group>";
		};
		6A54CA531ED596C1007B82AF = {
			isa = PBXGroup;
			children = (
				6A54CA5E1ED596C1007B82AF /* RxLeanCloudDemo */,
				6A54CA731ED596C2007B82AF /* RxLeanCloudDemoTests */,
				6A54CA7E1ED596C2007B82AF /* RxLeanCloudDemoUITests */,
				6A54CA5D1ED596C1007B82AF /* Products */,
				6A0DB90A1ED5A34C00A4FDBD /* Frameworks */,
				2680EEBF9DB0D19C0148B81F /* Pods */,
			);
			sourceTree = "<group>";
		};
		6A54CA5D1ED596C1007B82AF /* Products */ = {
			isa = PBXGroup;
			children = (
				6A54CA5C1ED596C1007B82AF /* RxLeanCloudDemo.app */,
				6A54CA701ED596C2007B82AF /* RxLeanCloudDemoTests.xctest */,
				6A54CA7B1ED596C2007B82AF /* RxLeanCloudDemoUITests.xctest */,
			);
			name = Products;
			sourceTree = "<group>";
		};
		6A54CA5E1ED596C1007B82AF /* RxLeanCloudDemo */ = {
			isa = PBXGroup;
			children = (
				6A54CA5F1ED596C1007B82AF /* AppDelegate.swift */,
				6A54CA611ED596C2007B82AF /* ViewController.swift */,
				6A54CA631ED596C2007B82AF /* Main.storyboard */,
				6A54CA661ED596C2007B82AF /* Assets.xcassets */,
				6A54CA681ED596C2007B82AF /* LaunchScreen.storyboard */,
				6A54CA6B1ED596C2007B82AF /* Info.plist */,
			);
			path = RxLeanCloudDemo;
			sourceTree = "<group>";
		};
		6A54CA731ED596C2007B82AF /* RxLeanCloudDemoTests */ = {
			isa = PBXGroup;
			children = (
				6A54CA741ED596C2007B82AF /* RxLeanCloudDemoTests.swift */,
				6A54CA761ED596C2007B82AF /* Info.plist */,
			);
			path = RxLeanCloudDemoTests;
			sourceTree = "<group>";
		};
		6A54CA7E1ED596C2007B82AF /* RxLeanCloudDemoUITests */ = {
			isa = PBXGroup;
			children = (
				6A54CA7F1ED596C2007B82AF /* RxLeanCloudDemoUITests.swift */,
				6A54CA811ED596C2007B82AF /* Info.plist */,
			);
			path = RxLeanCloudDemoUITests;
			sourceTree = "<group>";
		};
/* End PBXGroup section */

/* Begin PBXNativeTarget section */
		6A54CA5B1ED596C1007B82AF /* RxLeanCloudDemo */ = {
			isa = PBXNativeTarget;
			buildConfigurationList = 6A54CA841ED596C2007B82AF /* Build configuration list for PBXNativeTarget "RxLeanCloudDemo" */;
			buildPhases = (
				66A0B18FF6FA0C479D9A7854 /* [CP] Check Pods Manifest.lock */,
				6A54CA581ED596C1007B82AF /* Sources */,
				6A54CA5A1ED596C1007B82AF /* Resources */,
				DA68B7ED9AC5866A7CEA81AD /* Frameworks */,
				91D934C344B79651767F71E9 /* [CP] Embed Pods Frameworks */,
				A654C1E6F1E217FEE1FC89DF /* [CP] Copy Pods Resources */,
			);
			buildRules = (
			);
			dependencies = (
			);
			name = RxLeanCloudDemo;
			productName = RxLeanCloudDemo;
			productReference = 6A54CA5C1ED596C1007B82AF /* RxLeanCloudDemo.app */;
			productType = "com.apple.product-type.application";
		};
		6A54CA6F1ED596C2007B82AF /* RxLeanCloudDemoTests */ = {
			isa = PBXNativeTarget;
			buildConfigurationList = 6A54CA871ED596C2007B82AF /* Build configuration list for PBXNativeTarget "RxLeanCloudDemoTests" */;
			buildPhases = (
				6A54CA6C1ED596C2007B82AF /* Sources */,
				6A54CA6D1ED596C2007B82AF /* Frameworks */,
				6A54CA6E1ED596C2007B82AF /* Resources */,
			);
			buildRules = (
			);
			dependencies = (
				6A54CA721ED596C2007B82AF /* PBXTargetDependency */,
			);
			name = RxLeanCloudDemoTests;
			productName = RxLeanCloudDemoTests;
			productReference = 6A54CA701ED596C2007B82AF /* RxLeanCloudDemoTests.xctest */;
			productType = "com.apple.product-type.bundle.unit-test";
		};
		6A54CA7A1ED596C2007B82AF /* RxLeanCloudDemoUITests */ = {
			isa = PBXNativeTarget;
			buildConfigurationList = 6A54CA8A1ED596C2007B82AF /* Build configuration list for PBXNativeTarget "RxLeanCloudDemoUITests" */;
			buildPhases = (
				6A54CA771ED596C2007B82AF /* Sources */,
				6A54CA781ED596C2007B82AF /* Frameworks */,
				6A54CA791ED596C2007B82AF /* Resources */,
			);
			buildRules = (
			);
			dependencies = (
				6A54CA7D1ED596C2007B82AF /* PBXTargetDependency */,
			);
			name = RxLeanCloudDemoUITests;
			productName = RxLeanCloudDemoUITests;
			productReference = 6A54CA7B1ED596C2007B82AF /* RxLeanCloudDemoUITests.xctest */;
			productType = "com.apple.product-type.bundle.ui-testing";
		};
/* End PBXNativeTarget section */

/* Begin PBXProject section */
		6A54CA541ED596C1007B82AF /* Project object */ = {
			isa = PBXProject;
			attributes = {
				LastSwiftUpdateCheck = 0830;
				LastUpgradeCheck = 0830;
				ORGANIZATIONNAME = LeanCloud;
				TargetAttributes = {
					6A54CA5B1ED596C1007B82AF = {
						CreatedOnToolsVersion = 8.3.2;
						DevelopmentTeam = Y6X8P44TM5;
						ProvisioningStyle = Automatic;
					};
					6A54CA6F1ED596C2007B82AF = {
						CreatedOnToolsVersion = 8.3.2;
						DevelopmentTeam = Y6X8P44TM5;
						ProvisioningStyle = Automatic;
						TestTargetID = 6A54CA5B1ED596C1007B82AF;
					};
					6A54CA7A1ED596C2007B82AF = {
						CreatedOnToolsVersion = 8.3.2;
						DevelopmentTeam = Y6X8P44TM5;
						ProvisioningStyle = Automatic;
						TestTargetID = 6A54CA5B1ED596C1007B82AF;
					};
				};
			};
			buildConfigurationList = 6A54CA571ED596C1007B82AF /* Build configuration list for PBXProject "RxLeanCloudDemo" */;
			compatibilityVersion = "Xcode 3.2";
			developmentRegion = English;
			hasScannedForEncodings = 0;
			knownRegions = (
				en,
				Base,
			);
			mainGroup = 6A54CA531ED596C1007B82AF;
			productRefGroup = 6A54CA5D1ED596C1007B82AF /* Products */;
			projectDirPath = "";
			projectRoot = "";
			targets = (
				6A54CA5B1ED596C1007B82AF /* RxLeanCloudDemo */,
				6A54CA6F1ED596C2007B82AF /* RxLeanCloudDemoTests */,
				6A54CA7A1ED596C2007B82AF /* RxLeanCloudDemoUITests */,
			);
		};
/* End PBXProject section */

/* Begin PBXResourcesBuildPhase section */
		6A54CA5A1ED596C1007B82AF /* Resources */ = {
			isa = PBXResourcesBuildPhase;
			buildActionMask = 2147483647;
			files = (
				6A54CA6A1ED596C2007B82AF /* LaunchScreen.storyboard in Resources */,
				6A54CA671ED596C2007B82AF /* Assets.xcassets in Resources */,
				6A54CA651ED596C2007B82AF /* Main.storyboard in Resources */,
			);
			runOnlyForDeploymentPostprocessing = 0;
		};
		6A54CA6E1ED596C2007B82AF /* Resources */ = {
			isa = PBXResourcesBuildPhase;
			buildActionMask = 2147483647;
			files = (
			);
			runOnlyForDeploymentPostprocessing = 0;
		};
		6A54CA791ED596C2007B82AF /* Resources */ = {
			isa = PBXResourcesBuildPhase;
			buildActionMask = 2147483647;
			files = (
			);
			runOnlyForDeploymentPostprocessing = 0;
		};
/* End PBXResourcesBuildPhase section */

/* Begin PBXShellScriptBuildPhase section */
		66A0B18FF6FA0C479D9A7854 /* [CP] Check Pods Manifest.lock */ = {
			isa = PBXShellScriptBuildPhase;
			buildActionMask = 2147483647;
			files = (
			);
			inputPaths = (
			);
			name = "[CP] Check Pods Manifest.lock";
			outputPaths = (
			);
			runOnlyForDeploymentPostprocessing = 0;
			shellPath = /bin/sh;
			shellScript = "diff \"${PODS_PODFILE_DIR_PATH}/Podfile.lock\" \"${PODS_ROOT}/Manifest.lock\" > /dev/null\nif [ $? != 0 ] ; then\n    # print error to STDERR\n    echo \"error: The sandbox is not in sync with the Podfile.lock. Run 'pod install' or update your CocoaPods installation.\" >&2\n    exit 1\nfi\n";
			showEnvVarsInLog = 0;
		};
		91D934C344B79651767F71E9 /* [CP] Embed Pods Frameworks */ = {
			isa = PBXShellScriptBuildPhase;
			buildActionMask = 2147483647;
			files = (
			);
			inputPaths = (
			);
			name = "[CP] Embed Pods Frameworks";
			outputPaths = (
			);
			runOnlyForDeploymentPostprocessing = 0;
			shellPath = /bin/sh;
			shellScript = "\"${SRCROOT}/../Pods/Target Support Files/Pods-RxLeanCloudDemo/Pods-RxLeanCloudDemo-frameworks.sh\"\n";
			showEnvVarsInLog = 0;
		};
		A654C1E6F1E217FEE1FC89DF /* [CP] Copy Pods Resources */ = {
			isa = PBXShellScriptBuildPhase;
			buildActionMask = 2147483647;
			files = (
			);
			inputPaths = (
			);
			name = "[CP] Copy Pods Resources";
			outputPaths = (
			);
			runOnlyForDeploymentPostprocessing = 0;
			shellPath = /bin/sh;
			shellScript = "\"${SRCROOT}/../Pods/Target Support Files/Pods-RxLeanCloudDemo/Pods-RxLeanCloudDemo-resources.sh\"\n";
			showEnvVarsInLog = 0;
		};
/* End PBXShellScriptBuildPhase section */

/* Begin PBXSourcesBuildPhase section */
		6A54CA581ED596C1007B82AF /* Sources */ = {
			isa = PBXSourcesBuildPhase;
			buildActionMask = 2147483647;
			files = (
				6A54CA621ED596C2007B82AF /* ViewController.swift in Sources */,
				6A54CA601ED596C1007B82AF /* AppDelegate.swift in Sources */,
			);
			runOnlyForDeploymentPostprocessing = 0;
		};
		6A54CA6C1ED596C2007B82AF /* Sources */ = {
			isa = PBXSourcesBuildPhase;
			buildActionMask = 2147483647;
			files = (
				6A54CA751ED596C2007B82AF /* RxLeanCloudDemoTests.swift in Sources */,
			);
			runOnlyForDeploymentPostprocessing = 0;
		};
		6A54CA771ED596C2007B82AF /* Sources */ = {
			isa = PBXSourcesBuildPhase;
			buildActionMask = 2147483647;
			files = (
				6A54CA801ED596C2007B82AF /* RxLeanCloudDemoUITests.swift in Sources */,
			);
			runOnlyForDeploymentPostprocessing = 0;
		};
/* End PBXSourcesBuildPhase section */

/* Begin PBXTargetDependency section */
		6A54CA721ED596C2007B82AF /* PBXTargetDependency */ = {
			isa = PBXTargetDependency;
			target = 6A54CA5B1ED596C1007B82AF /* RxLeanCloudDemo */;
			targetProxy = 6A54CA711ED596C2007B82AF /* PBXContainerItemProxy */;
		};
		6A54CA7D1ED596C2007B82AF /* PBXTargetDependency */ = {
			isa = PBXTargetDependency;
			target = 6A54CA5B1ED596C1007B82AF /* RxLeanCloudDemo */;
			targetProxy = 6A54CA7C1ED596C2007B82AF /* PBXContainerItemProxy */;
		};
/* End PBXTargetDependency section */

/* Begin PBXVariantGroup section */
		6A54CA631ED596C2007B82AF /* Main.storyboard */ = {
			isa = PBXVariantGroup;
			children = (
				6A54CA641ED596C2007B82AF /* Base */,
			);
			name = Main.storyboard;
			sourceTree = "<group>";
		};
		6A54CA681ED596C2007B82AF /* LaunchScreen.storyboard */ = {
			isa = PBXVariantGroup;
			children = (
				6A54CA691ED596C2007B82AF /* Base */,
			);
			name = LaunchScreen.storyboard;
			sourceTree = "<group>";
		};
/* End PBXVariantGroup section */

/* Begin XCBuildConfiguration section */
		6A54CA821ED596C2007B82AF /* Debug */ = {
			isa = XCBuildConfiguration;
			buildSettings = {
				ALWAYS_SEARCH_USER_PATHS = NO;
				CLANG_ANALYZER_NONNULL = YES;
				CLANG_ANALYZER_NUMBER_OBJECT_CONVERSION = YES_AGGRESSIVE;
				CLANG_CXX_LANGUAGE_STANDARD = "gnu++0x";
				CLANG_CXX_LIBRARY = "libc++";
				CLANG_ENABLE_MODULES = YES;
				CLANG_ENABLE_OBJC_ARC = YES;
				CLANG_WARN_BOOL_CONVERSION = YES;
				CLANG_WARN_CONSTANT_CONVERSION = YES;
				CLANG_WARN_DIRECT_OBJC_ISA_USAGE = YES_ERROR;
				CLANG_WARN_DOCUMENTATION_COMMENTS = YES;
				CLANG_WARN_EMPTY_BODY = YES;
				CLANG_WARN_ENUM_CONVERSION = YES;
				CLANG_WARN_INFINITE_RECURSION = YES;
				CLANG_WARN_INT_CONVERSION = YES;
				CLANG_WARN_OBJC_ROOT_CLASS = YES_ERROR;
				CLANG_WARN_SUSPICIOUS_MOVE = YES;
				CLANG_WARN_UNREACHABLE_CODE = YES;
				CLANG_WARN__DUPLICATE_METHOD_MATCH = YES;
				"CODE_SIGN_IDENTITY[sdk=iphoneos*]" = "iPhone Developer";
				COPY_PHASE_STRIP = NO;
				DEBUG_INFORMATION_FORMAT = dwarf;
				ENABLE_STRICT_OBJC_MSGSEND = YES;
				ENABLE_TESTABILITY = YES;
				GCC_C_LANGUAGE_STANDARD = gnu99;
				GCC_DYNAMIC_NO_PIC = NO;
				GCC_NO_COMMON_BLOCKS = YES;
				GCC_OPTIMIZATION_LEVEL = 0;
				GCC_PREPROCESSOR_DEFINITIONS = (
					"DEBUG=1",
					"$(inherited)",
				);
				GCC_WARN_64_TO_32_BIT_CONVERSION = YES;
				GCC_WARN_ABOUT_RETURN_TYPE = YES_ERROR;
				GCC_WARN_UNDECLARED_SELECTOR = YES;
				GCC_WARN_UNINITIALIZED_AUTOS = YES_AGGRESSIVE;
				GCC_WARN_UNUSED_FUNCTION = YES;
				GCC_WARN_UNUSED_VARIABLE = YES;
				IPHONEOS_DEPLOYMENT_TARGET = 10.3;
				MTL_ENABLE_DEBUG_INFO = YES;
				ONLY_ACTIVE_ARCH = YES;
				SDKROOT = iphoneos;
				SWIFT_ACTIVE_COMPILATION_CONDITIONS = DEBUG;
				SWIFT_OPTIMIZATION_LEVEL = "-Onone";
				TARGETED_DEVICE_FAMILY = "1,2";
			};
			name = Debug;
		};
		6A54CA831ED596C2007B82AF /* Release */ = {
			isa = XCBuildConfiguration;
			buildSettings = {
				ALWAYS_SEARCH_USER_PATHS = NO;
				CLANG_ANALYZER_NONNULL = YES;
				CLANG_ANALYZER_NUMBER_OBJECT_CONVERSION = YES_AGGRESSIVE;
				CLANG_CXX_LANGUAGE_STANDARD = "gnu++0x";
				CLANG_CXX_LIBRARY = "libc++";
				CLANG_ENABLE_MODULES = YES;
				CLANG_ENABLE_OBJC_ARC = YES;
				CLANG_WARN_BOOL_CONVERSION = YES;
				CLANG_WARN_CONSTANT_CONVERSION = YES;
				CLANG_WARN_DIRECT_OBJC_ISA_USAGE = YES_ERROR;
				CLANG_WARN_DOCUMENTATION_COMMENTS = YES;
				CLANG_WARN_EMPTY_BODY = YES;
				CLANG_WARN_ENUM_CONVERSION = YES;
				CLANG_WARN_INFINITE_RECURSION = YES;
				CLANG_WARN_INT_CONVERSION = YES;
				CLANG_WARN_OBJC_ROOT_CLASS = YES_ERROR;
				CLANG_WARN_SUSPICIOUS_MOVE = YES;
				CLANG_WARN_UNREACHABLE_CODE = YES;
				CLANG_WARN__DUPLICATE_METHOD_MATCH = YES;
				"CODE_SIGN_IDENTITY[sdk=iphoneos*]" = "iPhone Developer";
				COPY_PHASE_STRIP = NO;
				DEBUG_INFORMATION_FORMAT = "dwarf-with-dsym";
				ENABLE_NS_ASSERTIONS = NO;
				ENABLE_STRICT_OBJC_MSGSEND = YES;
				GCC_C_LANGUAGE_STANDARD = gnu99;
				GCC_NO_COMMON_BLOCKS = YES;
				GCC_WARN_64_TO_32_BIT_CONVERSION = YES;
				GCC_WARN_ABOUT_RETURN_TYPE = YES_ERROR;
				GCC_WARN_UNDECLARED_SELECTOR = YES;
				GCC_WARN_UNINITIALIZED_AUTOS = YES_AGGRESSIVE;
				GCC_WARN_UNUSED_FUNCTION = YES;
				GCC_WARN_UNUSED_VARIABLE = YES;
				IPHONEOS_DEPLOYMENT_TARGET = 10.3;
				MTL_ENABLE_DEBUG_INFO = NO;
				SDKROOT = iphoneos;
				SWIFT_OPTIMIZATION_LEVEL = "-Owholemodule";
				TARGETED_DEVICE_FAMILY = "1,2";
				VALIDATE_PRODUCT = YES;
			};
			name = Release;
		};
		6A54CA851ED596C2007B82AF /* Debug */ = {
			isa = XCBuildConfiguration;
			baseConfigurationReference = 4884489492FA673415669F4A /* Pods-RxLeanCloudDemo.debug.xcconfig */;
			buildSettings = {
				ASSETCATALOG_COMPILER_APPICON_NAME = AppIcon;
				DEVELOPMENT_TEAM = Y6X8P44TM5;
				INFOPLIST_FILE = RxLeanCloudDemo/Info.plist;
				LD_RUNPATH_SEARCH_PATHS = "$(inherited) @executable_path/Frameworks";
				PRODUCT_BUNDLE_IDENTIFIER = leancloud.RxLeanCloudDemo;
				PRODUCT_NAME = "$(TARGET_NAME)";
				SWIFT_VERSION = 3.0;
			};
			name = Debug;
		};
		6A54CA861ED596C2007B82AF /* Release */ = {
			isa = XCBuildConfiguration;
			baseConfigurationReference = 888E22F12F10AA0C1573BCAC /* Pods-RxLeanCloudDemo.release.xcconfig */;
			buildSettings = {
				ASSETCATALOG_COMPILER_APPICON_NAME = AppIcon;
				DEVELOPMENT_TEAM = Y6X8P44TM5;
				INFOPLIST_FILE = RxLeanCloudDemo/Info.plist;
				LD_RUNPATH_SEARCH_PATHS = "$(inherited) @executable_path/Frameworks";
				PRODUCT_BUNDLE_IDENTIFIER = leancloud.RxLeanCloudDemo;
				PRODUCT_NAME = "$(TARGET_NAME)";
				SWIFT_VERSION = 3.0;
			};
			name = Release;
		};
		6A54CA881ED596C2007B82AF /* Debug */ = {
			isa = XCBuildConfiguration;
			buildSettings = {
				ALWAYS_EMBED_SWIFT_STANDARD_LIBRARIES = YES;
				BUNDLE_LOADER = "$(TEST_HOST)";
				DEVELOPMENT_TEAM = Y6X8P44TM5;
				INFOPLIST_FILE = RxLeanCloudDemoTests/Info.plist;
				LD_RUNPATH_SEARCH_PATHS = "$(inherited) @executable_path/Frameworks @loader_path/Frameworks";
				PRODUCT_BUNDLE_IDENTIFIER = leancloud.RxLeanCloudDemoTests;
				PRODUCT_NAME = "$(TARGET_NAME)";
				SWIFT_VERSION = 3.0;
				TEST_HOST = "$(BUILT_PRODUCTS_DIR)/RxLeanCloudDemo.app/RxLeanCloudDemo";
			};
			name = Debug;
		};
		6A54CA891ED596C2007B82AF /* Release */ = {
			isa = XCBuildConfiguration;
			buildSettings = {
				ALWAYS_EMBED_SWIFT_STANDARD_LIBRARIES = YES;
				BUNDLE_LOADER = "$(TEST_HOST)";
				DEVELOPMENT_TEAM = Y6X8P44TM5;
				INFOPLIST_FILE = RxLeanCloudDemoTests/Info.plist;
				LD_RUNPATH_SEARCH_PATHS = "$(inherited) @executable_path/Frameworks @loader_path/Frameworks";
				PRODUCT_BUNDLE_IDENTIFIER = leancloud.RxLeanCloudDemoTests;
				PRODUCT_NAME = "$(TARGET_NAME)";
				SWIFT_VERSION = 3.0;
				TEST_HOST = "$(BUILT_PRODUCTS_DIR)/RxLeanCloudDemo.app/RxLeanCloudDemo";
			};
			name = Release;
		};
		6A54CA8B1ED596C2007B82AF /* Debug */ = {
			isa = XCBuildConfiguration;
			buildSettings = {
				ALWAYS_EMBED_SWIFT_STANDARD_LIBRARIES = YES;
				DEVELOPMENT_TEAM = Y6X8P44TM5;
				INFOPLIST_FILE = RxLeanCloudDemoUITests/Info.plist;
				LD_RUNPATH_SEARCH_PATHS = "$(inherited) @executable_path/Frameworks @loader_path/Frameworks";
				PRODUCT_BUNDLE_IDENTIFIER = leancloud.RxLeanCloudDemoUITests;
				PRODUCT_NAME = "$(TARGET_NAME)";
				SWIFT_VERSION = 3.0;
				TEST_TARGET_NAME = RxLeanCloudDemo;
			};
			name = Debug;
		};
		6A54CA8C1ED596C2007B82AF /* Release */ = {
			isa = XCBuildConfiguration;
			buildSettings = {
				ALWAYS_EMBED_SWIFT_STANDARD_LIBRARIES = YES;
				DEVELOPMENT_TEAM = Y6X8P44TM5;
				INFOPLIST_FILE = RxLeanCloudDemoUITests/Info.plist;
				LD_RUNPATH_SEARCH_PATHS = "$(inherited) @executable_path/Frameworks @loader_path/Frameworks";
				PRODUCT_BUNDLE_IDENTIFIER = leancloud.RxLeanCloudDemoUITests;
				PRODUCT_NAME = "$(TARGET_NAME)";
				SWIFT_VERSION = 3.0;
				TEST_TARGET_NAME = RxLeanCloudDemo;
			};
			name = Release;
		};
/* End XCBuildConfiguration section */

/* Begin XCConfigurationList section */
		6A54CA571ED596C1007B82AF /* Build configuration list for PBXProject "RxLeanCloudDemo" */ = {
			isa = XCConfigurationList;
			buildConfigurations = (
				6A54CA821ED596C2007B82AF /* Debug */,
				6A54CA831ED596C2007B82AF /* Release */,
			);
			defaultConfigurationIsVisible = 0;
			defaultConfigurationName = Release;
		};
		6A54CA841ED596C2007B82AF /* Build configuration list for PBXNativeTarget "RxLeanCloudDemo" */ = {
			isa = XCConfigurationList;
			buildConfigurations = (
				6A54CA851ED596C2007B82AF /* Debug */,
				6A54CA861ED596C2007B82AF /* Release */,
			);
			defaultConfigurationIsVisible = 0;
			defaultConfigurationName = Release;
		};
		6A54CA871ED596C2007B82AF /* Build configuration list for PBXNativeTarget "RxLeanCloudDemoTests" */ = {
			isa = XCConfigurationList;
			buildConfigurations = (
				6A54CA881ED596C2007B82AF /* Debug */,
				6A54CA891ED596C2007B82AF /* Release */,
			);
			defaultConfigurationIsVisible = 0;
			defaultConfigurationName = Release;
		};
		6A54CA8A1ED596C2007B82AF /* Build configuration list for PBXNativeTarget "RxLeanCloudDemoUITests" */ = {
			isa = XCConfigurationList;
			buildConfigurations = (
				6A54CA8B1ED596C2007B82AF /* Debug */,
				6A54CA8C1ED596C2007B82AF /* Release */,
			);
			defaultConfigurationIsVisible = 0;
			defaultConfigurationName = Release;
		};
/* End XCConfigurationList section */
	};
	rootObject = 6A54CA541ED596C1007B82AF /* Project object */;
}
